// !$*UTF8*$!
{
	archiveVersion = 1;
	classes = {
	};
	objectVersion = 48;
	objects = {

/* Begin PBXBuildFile section */
		10C3557C2037A9A6002303BF /* AppDelegate.swift in Sources */ = {isa = PBXBuildFile; fileRef = 10C3557B2037A9A6002303BF /* AppDelegate.swift */; };
		10C3557E2037A9A6002303BF /* TeamsViewController.swift in Sources */ = {isa = PBXBuildFile; fileRef = 10C3557D2037A9A6002303BF /* TeamsViewController.swift */; };
		10C355812037A9A6002303BF /* Main.storyboard in Resources */ = {isa = PBXBuildFile; fileRef = 10C3557F2037A9A6002303BF /* Main.storyboard */; };
		10C355832037A9A6002303BF /* Assets.xcassets in Resources */ = {isa = PBXBuildFile; fileRef = 10C355822037A9A6002303BF /* Assets.xcassets */; };
		10C355862037A9A6002303BF /* LaunchScreen.storyboard in Resources */ = {isa = PBXBuildFile; fileRef = 10C355842037A9A6002303BF /* LaunchScreen.storyboard */; };
		10C355912037A9A7002303BF /* SlackFirebaseTests.swift in Sources */ = {isa = PBXBuildFile; fileRef = 10C355902037A9A7002303BF /* SlackFirebaseTests.swift */; };
		10C3559C2037A9A7002303BF /* SlackFirebaseUITests.swift in Sources */ = {isa = PBXBuildFile; fileRef = 10C3559B2037A9A7002303BF /* SlackFirebaseUITests.swift */; };
		10C355AA2037AD15002303BF /* GoogleService-Info.plist in Resources */ = {isa = PBXBuildFile; fileRef = 10C355A92037AD15002303BF /* GoogleService-Info.plist */; };
		10C355AD2037CDB7002303BF /* LoginViewController.swift in Sources */ = {isa = PBXBuildFile; fileRef = 10C355AC2037CDB7002303BF /* LoginViewController.swift */; };
		10C355AF20388AB5002303BF /* AddNewTeamViewController.swift in Sources */ = {isa = PBXBuildFile; fileRef = 10C355AE20388AB5002303BF /* AddNewTeamViewController.swift */; };
		10C355B22038B5E3002303BF /* Team.swift in Sources */ = {isa = PBXBuildFile; fileRef = 10C355B12038B5E3002303BF /* Team.swift */; };
		10C355B42038C973002303BF /* CreateUserViewController.swift in Sources */ = {isa = PBXBuildFile; fileRef = 10C355B32038C973002303BF /* CreateUserViewController.swift */; };
		10C355B62038CD51002303BF /* Member.swift in Sources */ = {isa = PBXBuildFile; fileRef = 10C355B52038CD51002303BF /* Member.swift */; };
		10C355B82038DD18002303BF /* Channel.swift in Sources */ = {isa = PBXBuildFile; fileRef = 10C355B72038DD18002303BF /* Channel.swift */; };
		10C355BB20390415002303BF /* FirebaseHelper.swift in Sources */ = {isa = PBXBuildFile; fileRef = 10C355BA20390415002303BF /* FirebaseHelper.swift */; };
		10C355BD203904C6002303BF /* FirebaseKeys.swift in Sources */ = {isa = PBXBuildFile; fileRef = 10C355BC203904C6002303BF /* FirebaseKeys.swift */; };
		10C355BF20391B4F002303BF /* Defaults.swift in Sources */ = {isa = PBXBuildFile; fileRef = 10C355BE20391B4F002303BF /* Defaults.swift */; };
		D444D331DA02BF10AF884525 /* Pods_SlackFirebaseTests.framework in Frameworks */ = {isa = PBXBuildFile; fileRef = 6E00BED8D2D47172C6FAF477 /* Pods_SlackFirebaseTests.framework */; };
		F32CA26767E8AB1D57EFA802 /* Pods_SlackFirebase.framework in Frameworks */ = {isa = PBXBuildFile; fileRef = D113E642BA368D040ED4E417 /* Pods_SlackFirebase.framework */; };
		F773FA9AA5B3DEFD658191C3 /* Pods_SlackFirebaseUITests.framework in Frameworks */ = {isa = PBXBuildFile; fileRef = EA9D37D005831597F6E2769A /* Pods_SlackFirebaseUITests.framework */; };
/* End PBXBuildFile section */

/* Begin PBXContainerItemProxy section */
		10C3558D2037A9A7002303BF /* PBXContainerItemProxy */ = {
			isa = PBXContainerItemProxy;
			containerPortal = 10C355702037A9A6002303BF /* Project object */;
			proxyType = 1;
			remoteGlobalIDString = 10C355772037A9A6002303BF;
			remoteInfo = SlackFirebase;
		};
		10C355982037A9A7002303BF /* PBXContainerItemProxy */ = {
			isa = PBXContainerItemProxy;
			containerPortal = 10C355702037A9A6002303BF /* Project object */;
			proxyType = 1;
			remoteGlobalIDString = 10C355772037A9A6002303BF;
			remoteInfo = SlackFirebase;
		};
/* End PBXContainerItemProxy section */

/* Begin PBXFileReference section */
		03142154E18B9E2401E17D07 /* Pods-SlackFirebaseTests.release.xcconfig */ = {isa = PBXFileReference; includeInIndex = 1; lastKnownFileType = text.xcconfig; name = "Pods-SlackFirebaseTests.release.xcconfig"; path = "Pods/Target Support Files/Pods-SlackFirebaseTests/Pods-SlackFirebaseTests.release.xcconfig"; sourceTree = "<group>"; };
		10C355782037A9A6002303BF /* SlackFirebase.app */ = {isa = PBXFileReference; explicitFileType = wrapper.application; includeInIndex = 0; path = SlackFirebase.app; sourceTree = BUILT_PRODUCTS_DIR; };
		10C3557B2037A9A6002303BF /* AppDelegate.swift */ = {isa = PBXFileReference; lastKnownFileType = sourcecode.swift; path = AppDelegate.swift; sourceTree = "<group>"; };
		10C3557D2037A9A6002303BF /* TeamsViewController.swift */ = {isa = PBXFileReference; lastKnownFileType = sourcecode.swift; path = TeamsViewController.swift; sourceTree = "<group>"; };
		10C355802037A9A6002303BF /* Base */ = {isa = PBXFileReference; lastKnownFileType = file.storyboard; name = Base; path = Base.lproj/Main.storyboard; sourceTree = "<group>"; };
		10C355822037A9A6002303BF /* Assets.xcassets */ = {isa = PBXFileReference; lastKnownFileType = folder.assetcatalog; path = Assets.xcassets; sourceTree = "<group>"; };
		10C355852037A9A6002303BF /* Base */ = {isa = PBXFileReference; lastKnownFileType = file.storyboard; name = Base; path = Base.lproj/LaunchScreen.storyboard; sourceTree = "<group>"; };
		10C355872037A9A6002303BF /* Info.plist */ = {isa = PBXFileReference; lastKnownFileType = text.plist.xml; path = Info.plist; sourceTree = "<group>"; };
		10C3558C2037A9A7002303BF /* SlackFirebaseTests.xctest */ = {isa = PBXFileReference; explicitFileType = wrapper.cfbundle; includeInIndex = 0; path = SlackFirebaseTests.xctest; sourceTree = BUILT_PRODUCTS_DIR; };
		10C355902037A9A7002303BF /* SlackFirebaseTests.swift */ = {isa = PBXFileReference; lastKnownFileType = sourcecode.swift; path = SlackFirebaseTests.swift; sourceTree = "<group>"; };
		10C355922037A9A7002303BF /* Info.plist */ = {isa = PBXFileReference; lastKnownFileType = text.plist.xml; path = Info.plist; sourceTree = "<group>"; };
		10C355972037A9A7002303BF /* SlackFirebaseUITests.xctest */ = {isa = PBXFileReference; explicitFileType = wrapper.cfbundle; includeInIndex = 0; path = SlackFirebaseUITests.xctest; sourceTree = BUILT_PRODUCTS_DIR; };
		10C3559B2037A9A7002303BF /* SlackFirebaseUITests.swift */ = {isa = PBXFileReference; lastKnownFileType = sourcecode.swift; path = SlackFirebaseUITests.swift; sourceTree = "<group>"; };
		10C3559D2037A9A7002303BF /* Info.plist */ = {isa = PBXFileReference; lastKnownFileType = text.plist.xml; path = Info.plist; sourceTree = "<group>"; };
		10C355A92037AD15002303BF /* GoogleService-Info.plist */ = {isa = PBXFileReference; fileEncoding = 4; lastKnownFileType = text.plist.xml; path = "GoogleService-Info.plist"; sourceTree = "<group>"; };
		10C355AC2037CDB7002303BF /* LoginViewController.swift */ = {isa = PBXFileReference; lastKnownFileType = sourcecode.swift; path = LoginViewController.swift; sourceTree = "<group>"; };
		10C355AE20388AB5002303BF /* AddNewTeamViewController.swift */ = {isa = PBXFileReference; lastKnownFileType = sourcecode.swift; path = AddNewTeamViewController.swift; sourceTree = "<group>"; };
		10C355B12038B5E3002303BF /* Team.swift */ = {isa = PBXFileReference; lastKnownFileType = sourcecode.swift; path = Team.swift; sourceTree = "<group>"; };
		10C355B32038C973002303BF /* CreateUserViewController.swift */ = {isa = PBXFileReference; lastKnownFileType = sourcecode.swift; path = CreateUserViewController.swift; sourceTree = "<group>"; };
		10C355B52038CD51002303BF /* Member.swift */ = {isa = PBXFileReference; lastKnownFileType = sourcecode.swift; path = Member.swift; sourceTree = "<group>"; };
		10C355B72038DD18002303BF /* Channel.swift */ = {isa = PBXFileReference; lastKnownFileType = sourcecode.swift; path = Channel.swift; sourceTree = "<group>"; };
		10C355BA20390415002303BF /* FirebaseHelper.swift */ = {isa = PBXFileReference; lastKnownFileType = sourcecode.swift; path = FirebaseHelper.swift; sourceTree = "<group>"; };
		10C355BC203904C6002303BF /* FirebaseKeys.swift */ = {isa = PBXFileReference; lastKnownFileType = sourcecode.swift; path = FirebaseKeys.swift; sourceTree = "<group>"; };
		10C355BE20391B4F002303BF /* Defaults.swift */ = {isa = PBXFileReference; lastKnownFileType = sourcecode.swift; path = Defaults.swift; sourceTree = "<group>"; };
		15B61586FB3CF83533C60AD1 /* Pods-SlackFirebaseTests.debug.xcconfig */ = {isa = PBXFileReference; includeInIndex = 1; lastKnownFileType = text.xcconfig; name = "Pods-SlackFirebaseTests.debug.xcconfig"; path = "Pods/Target Support Files/Pods-SlackFirebaseTests/Pods-SlackFirebaseTests.debug.xcconfig"; sourceTree = "<group>"; };
		35137C185684E7933262DA84 /* Pods-SlackFirebaseUITests.debug.xcconfig */ = {isa = PBXFileReference; includeInIndex = 1; lastKnownFileType = text.xcconfig; name = "Pods-SlackFirebaseUITests.debug.xcconfig"; path = "Pods/Target Support Files/Pods-SlackFirebaseUITests/Pods-SlackFirebaseUITests.debug.xcconfig"; sourceTree = "<group>"; };
		5A218DD731BA8DCD426DC236 /* Pods-SlackFirebaseUITests.release.xcconfig */ = {isa = PBXFileReference; includeInIndex = 1; lastKnownFileType = text.xcconfig; name = "Pods-SlackFirebaseUITests.release.xcconfig"; path = "Pods/Target Support Files/Pods-SlackFirebaseUITests/Pods-SlackFirebaseUITests.release.xcconfig"; sourceTree = "<group>"; };
		6E00BED8D2D47172C6FAF477 /* Pods_SlackFirebaseTests.framework */ = {isa = PBXFileReference; explicitFileType = wrapper.framework; includeInIndex = 0; path = Pods_SlackFirebaseTests.framework; sourceTree = BUILT_PRODUCTS_DIR; };
		D113E642BA368D040ED4E417 /* Pods_SlackFirebase.framework */ = {isa = PBXFileReference; explicitFileType = wrapper.framework; includeInIndex = 0; path = Pods_SlackFirebase.framework; sourceTree = BUILT_PRODUCTS_DIR; };
		D521ED342A60B8CFC905B5E1 /* Pods-SlackFirebase.release.xcconfig */ = {isa = PBXFileReference; includeInIndex = 1; lastKnownFileType = text.xcconfig; name = "Pods-SlackFirebase.release.xcconfig"; path = "Pods/Target Support Files/Pods-SlackFirebase/Pods-SlackFirebase.release.xcconfig"; sourceTree = "<group>"; };
		D660C7EDD957C94FEBBCDFF5 /* Pods-SlackFirebase.debug.xcconfig */ = {isa = PBXFileReference; includeInIndex = 1; lastKnownFileType = text.xcconfig; name = "Pods-SlackFirebase.debug.xcconfig"; path = "Pods/Target Support Files/Pods-SlackFirebase/Pods-SlackFirebase.debug.xcconfig"; sourceTree = "<group>"; };
		EA9D37D005831597F6E2769A /* Pods_SlackFirebaseUITests.framework */ = {isa = PBXFileReference; explicitFileType = wrapper.framework; includeInIndex = 0; path = Pods_SlackFirebaseUITests.framework; sourceTree = BUILT_PRODUCTS_DIR; };
/* End PBXFileReference section */

/* Begin PBXFrameworksBuildPhase section */
		10C355752037A9A6002303BF /* Frameworks */ = {
			isa = PBXFrameworksBuildPhase;
			buildActionMask = 2147483647;
			files = (
				F32CA26767E8AB1D57EFA802 /* Pods_SlackFirebase.framework in Frameworks */,
			);
			runOnlyForDeploymentPostprocessing = 0;
		};
		10C355892037A9A7002303BF /* Frameworks */ = {
			isa = PBXFrameworksBuildPhase;
			buildActionMask = 2147483647;
			files = (
				D444D331DA02BF10AF884525 /* Pods_SlackFirebaseTests.framework in Frameworks */,
			);
			runOnlyForDeploymentPostprocessing = 0;
		};
		10C355942037A9A7002303BF /* Frameworks */ = {
			isa = PBXFrameworksBuildPhase;
			buildActionMask = 2147483647;
			files = (
				F773FA9AA5B3DEFD658191C3 /* Pods_SlackFirebaseUITests.framework in Frameworks */,
			);
			runOnlyForDeploymentPostprocessing = 0;
		};
/* End PBXFrameworksBuildPhase section */

/* Begin PBXGroup section */
		10C3556F2037A9A6002303BF = {
			isa = PBXGroup;
			children = (
				10C3557A2037A9A6002303BF /* SlackFirebase */,
				10C3558F2037A9A7002303BF /* SlackFirebaseTests */,
				10C3559A2037A9A7002303BF /* SlackFirebaseUITests */,
				10C355792037A9A6002303BF /* Products */,
				90B5AEB217E7E01AE6655656 /* Pods */,
				4AB0F06B494DB7F49BDA0069 /* Frameworks */,
			);
			sourceTree = "<group>";
		};
		10C355792037A9A6002303BF /* Products */ = {
			isa = PBXGroup;
			children = (
				10C355782037A9A6002303BF /* SlackFirebase.app */,
				10C3558C2037A9A7002303BF /* SlackFirebaseTests.xctest */,
				10C355972037A9A7002303BF /* SlackFirebaseUITests.xctest */,
			);
			name = Products;
			sourceTree = "<group>";
		};
		10C3557A2037A9A6002303BF /* SlackFirebase */ = {
			isa = PBXGroup;
			children = (
				10C355B920390400002303BF /* Helpers */,
				10C355B02038B5D5002303BF /* Models */,
				10C355AB2037CDA1002303BF /* ViewController */,
				10C3557B2037A9A6002303BF /* AppDelegate.swift */,
				10C3557F2037A9A6002303BF /* Main.storyboard */,
				10C355822037A9A6002303BF /* Assets.xcassets */,
				10C355842037A9A6002303BF /* LaunchScreen.storyboard */,
				10C355872037A9A6002303BF /* Info.plist */,
				10C355A92037AD15002303BF /* GoogleService-Info.plist */,
			);
			path = SlackFirebase;
			sourceTree = "<group>";
		};
		10C3558F2037A9A7002303BF /* SlackFirebaseTests */ = {
			isa = PBXGroup;
			children = (
				10C355902037A9A7002303BF /* SlackFirebaseTests.swift */,
				10C355922037A9A7002303BF /* Info.plist */,
			);
			path = SlackFirebaseTests;
			sourceTree = "<group>";
		};
		10C3559A2037A9A7002303BF /* SlackFirebaseUITests */ = {
			isa = PBXGroup;
			children = (
				10C3559B2037A9A7002303BF /* SlackFirebaseUITests.swift */,
				10C3559D2037A9A7002303BF /* Info.plist */,
			);
			path = SlackFirebaseUITests;
			sourceTree = "<group>";
		};
		10C355AB2037CDA1002303BF /* ViewController */ = {
			isa = PBXGroup;
			children = (
				10C355AC2037CDB7002303BF /* LoginViewController.swift */,
				10C355B32038C973002303BF /* CreateUserViewController.swift */,
				10C3557D2037A9A6002303BF /* TeamsViewController.swift */,
				10C355AE20388AB5002303BF /* AddNewTeamViewController.swift */,
			);
			path = ViewController;
			sourceTree = "<group>";
		};
		10C355B02038B5D5002303BF /* Models */ = {
			isa = PBXGroup;
			children = (
				10C355B12038B5E3002303BF /* Team.swift */,
				10C355B52038CD51002303BF /* Member.swift */,
				10C355B72038DD18002303BF /* Channel.swift */,
				10C355BE20391B4F002303BF /* Defaults.swift */,
			);
			path = Models;
			sourceTree = "<group>";
		};
		10C355B920390400002303BF /* Helpers */ = {
			isa = PBXGroup;
			children = (
				10C355BA20390415002303BF /* FirebaseHelper.swift */,
				10C355BC203904C6002303BF /* FirebaseKeys.swift */,
			);
			path = Helpers;
			sourceTree = "<group>";
		};
		4AB0F06B494DB7F49BDA0069 /* Frameworks */ = {
			isa = PBXGroup;
			children = (
				D113E642BA368D040ED4E417 /* Pods_SlackFirebase.framework */,
				6E00BED8D2D47172C6FAF477 /* Pods_SlackFirebaseTests.framework */,
				EA9D37D005831597F6E2769A /* Pods_SlackFirebaseUITests.framework */,
			);
			name = Frameworks;
			sourceTree = "<group>";
		};
		90B5AEB217E7E01AE6655656 /* Pods */ = {
			isa = PBXGroup;
			children = (
				D660C7EDD957C94FEBBCDFF5 /* Pods-SlackFirebase.debug.xcconfig */,
				D521ED342A60B8CFC905B5E1 /* Pods-SlackFirebase.release.xcconfig */,
				15B61586FB3CF83533C60AD1 /* Pods-SlackFirebaseTests.debug.xcconfig */,
				03142154E18B9E2401E17D07 /* Pods-SlackFirebaseTests.release.xcconfig */,
				35137C185684E7933262DA84 /* Pods-SlackFirebaseUITests.debug.xcconfig */,
				5A218DD731BA8DCD426DC236 /* Pods-SlackFirebaseUITests.release.xcconfig */,
			);
			name = Pods;
			sourceTree = "<group>";
		};
/* End PBXGroup section */

/* Begin PBXNativeTarget section */
		10C355772037A9A6002303BF /* SlackFirebase */ = {
			isa = PBXNativeTarget;
			buildConfigurationList = 10C355A02037A9A7002303BF /* Build configuration list for PBXNativeTarget "SlackFirebase" */;
			buildPhases = (
				9C4002D23A1AE21074900B10 /* [CP] Check Pods Manifest.lock */,
				10C355742037A9A6002303BF /* Sources */,
				10C355752037A9A6002303BF /* Frameworks */,
				10C355762037A9A6002303BF /* Resources */,
				140EB141262168B09DC6F159 /* [CP] Embed Pods Frameworks */,
				FE9CC6BBF34CC97371A3F4E8 /* [CP] Copy Pods Resources */,
			);
			buildRules = (
			);
			dependencies = (
			);
			name = SlackFirebase;
			productName = SlackFirebase;
			productReference = 10C355782037A9A6002303BF /* SlackFirebase.app */;
			productType = "com.apple.product-type.application";
		};
		10C3558B2037A9A7002303BF /* SlackFirebaseTests */ = {
			isa = PBXNativeTarget;
			buildConfigurationList = 10C355A32037A9A7002303BF /* Build configuration list for PBXNativeTarget "SlackFirebaseTests" */;
			buildPhases = (
				76DB5425C4934CDAC702DB29 /* [CP] Check Pods Manifest.lock */,
				10C355882037A9A7002303BF /* Sources */,
				10C355892037A9A7002303BF /* Frameworks */,
				10C3558A2037A9A7002303BF /* Resources */,
				AF96DA7F7EA779BBE26C9164 /* [CP] Embed Pods Frameworks */,
				53F736295C736EC3F20F67C5 /* [CP] Copy Pods Resources */,
			);
			buildRules = (
			);
			dependencies = (
				10C3558E2037A9A7002303BF /* PBXTargetDependency */,
			);
			name = SlackFirebaseTests;
			productName = SlackFirebaseTests;
			productReference = 10C3558C2037A9A7002303BF /* SlackFirebaseTests.xctest */;
			productType = "com.apple.product-type.bundle.unit-test";
		};
		10C355962037A9A7002303BF /* SlackFirebaseUITests */ = {
			isa = PBXNativeTarget;
			buildConfigurationList = 10C355A62037A9A7002303BF /* Build configuration list for PBXNativeTarget "SlackFirebaseUITests" */;
			buildPhases = (
				69FA28BE462747843496F7EA /* [CP] Check Pods Manifest.lock */,
				10C355932037A9A7002303BF /* Sources */,
				10C355942037A9A7002303BF /* Frameworks */,
				10C355952037A9A7002303BF /* Resources */,
				427F0A11A6E79F96FBEDE33F /* [CP] Embed Pods Frameworks */,
				4D13A2BDAC577FF784D1EF1A /* [CP] Copy Pods Resources */,
			);
			buildRules = (
			);
			dependencies = (
				10C355992037A9A7002303BF /* PBXTargetDependency */,
			);
			name = SlackFirebaseUITests;
			productName = SlackFirebaseUITests;
			productReference = 10C355972037A9A7002303BF /* SlackFirebaseUITests.xctest */;
			productType = "com.apple.product-type.bundle.ui-testing";
		};
/* End PBXNativeTarget section */

/* Begin PBXProject section */
		10C355702037A9A6002303BF /* Project object */ = {
			isa = PBXProject;
			attributes = {
				LastSwiftUpdateCheck = 0920;
				LastUpgradeCheck = 0920;
				ORGANIZATIONNAME = "Satish Boggarapu";
				TargetAttributes = {
					10C355772037A9A6002303BF = {
						CreatedOnToolsVersion = 9.2;
						ProvisioningStyle = Automatic;
					};
					10C3558B2037A9A7002303BF = {
						CreatedOnToolsVersion = 9.2;
						ProvisioningStyle = Automatic;
						TestTargetID = 10C355772037A9A6002303BF;
					};
					10C355962037A9A7002303BF = {
						CreatedOnToolsVersion = 9.2;
						ProvisioningStyle = Automatic;
						TestTargetID = 10C355772037A9A6002303BF;
					};
				};
			};
			buildConfigurationList = 10C355732037A9A6002303BF /* Build configuration list for PBXProject "SlackFirebase" */;
			compatibilityVersion = "Xcode 8.0";
			developmentRegion = en;
			hasScannedForEncodings = 0;
			knownRegions = (
				en,
				Base,
			);
			mainGroup = 10C3556F2037A9A6002303BF;
			productRefGroup = 10C355792037A9A6002303BF /* Products */;
			projectDirPath = "";
			projectRoot = "";
			targets = (
				10C355772037A9A6002303BF /* SlackFirebase */,
				10C3558B2037A9A7002303BF /* SlackFirebaseTests */,
				10C355962037A9A7002303BF /* SlackFirebaseUITests */,
			);
		};
/* End PBXProject section */

/* Begin PBXResourcesBuildPhase section */
		10C355762037A9A6002303BF /* Resources */ = {
			isa = PBXResourcesBuildPhase;
			buildActionMask = 2147483647;
			files = (
				10C355862037A9A6002303BF /* LaunchScreen.storyboard in Resources */,
				10C355AA2037AD15002303BF /* GoogleService-Info.plist in Resources */,
				10C355832037A9A6002303BF /* Assets.xcassets in Resources */,
				10C355812037A9A6002303BF /* Main.storyboard in Resources */,
			);
			runOnlyForDeploymentPostprocessing = 0;
		};
		10C3558A2037A9A7002303BF /* Resources */ = {
			isa = PBXResourcesBuildPhase;
			buildActionMask = 2147483647;
			files = (
			);
			runOnlyForDeploymentPostprocessing = 0;
		};
		10C355952037A9A7002303BF /* Resources */ = {
			isa = PBXResourcesBuildPhase;
			buildActionMask = 2147483647;
			files = (
			);
			runOnlyForDeploymentPostprocessing = 0;
		};
/* End PBXResourcesBuildPhase section */

/* Begin PBXShellScriptBuildPhase section */
		140EB141262168B09DC6F159 /* [CP] Embed Pods Frameworks */ = {
			isa = PBXShellScriptBuildPhase;
			buildActionMask = 2147483647;
			files = (
			);
			inputPaths = (
				"${SRCROOT}/Pods/Target Support Files/Pods-SlackFirebase/Pods-SlackFirebase-frameworks.sh",
				"${BUILT_PRODUCTS_DIR}/GTMSessionFetcher/GTMSessionFetcher.framework",
				"${BUILT_PRODUCTS_DIR}/GoogleToolboxForMac/GoogleToolboxForMac.framework",
				"${BUILT_PRODUCTS_DIR}/leveldb-library/leveldb.framework",
				"${BUILT_PRODUCTS_DIR}/nanopb/nanopb.framework",
			);
			name = "[CP] Embed Pods Frameworks";
			outputPaths = (
				"${TARGET_BUILD_DIR}/${FRAMEWORKS_FOLDER_PATH}/GTMSessionFetcher.framework",
				"${TARGET_BUILD_DIR}/${FRAMEWORKS_FOLDER_PATH}/GoogleToolboxForMac.framework",
				"${TARGET_BUILD_DIR}/${FRAMEWORKS_FOLDER_PATH}/leveldb.framework",
				"${TARGET_BUILD_DIR}/${FRAMEWORKS_FOLDER_PATH}/nanopb.framework",
			);
			runOnlyForDeploymentPostprocessing = 0;
			shellPath = /bin/sh;
			shellScript = "\"${SRCROOT}/Pods/Target Support Files/Pods-SlackFirebase/Pods-SlackFirebase-frameworks.sh\"\n";
			showEnvVarsInLog = 0;
		};
		427F0A11A6E79F96FBEDE33F /* [CP] Embed Pods Frameworks */ = {
			isa = PBXShellScriptBuildPhase;
			buildActionMask = 2147483647;
			files = (
			);
			inputPaths = (
			);
			name = "[CP] Embed Pods Frameworks";
			outputPaths = (
			);
			runOnlyForDeploymentPostprocessing = 0;
			shellPath = /bin/sh;
			shellScript = "\"${SRCROOT}/Pods/Target Support Files/Pods-SlackFirebaseUITests/Pods-SlackFirebaseUITests-frameworks.sh\"\n";
			showEnvVarsInLog = 0;
		};
		4D13A2BDAC577FF784D1EF1A /* [CP] Copy Pods Resources */ = {
			isa = PBXShellScriptBuildPhase;
			buildActionMask = 2147483647;
			files = (
			);
			inputPaths = (
			);
			name = "[CP] Copy Pods Resources";
			outputPaths = (
			);
			runOnlyForDeploymentPostprocessing = 0;
			shellPath = /bin/sh;
			shellScript = "\"${SRCROOT}/Pods/Target Support Files/Pods-SlackFirebaseUITests/Pods-SlackFirebaseUITests-resources.sh\"\n";
			showEnvVarsInLog = 0;
		};
		53F736295C736EC3F20F67C5 /* [CP] Copy Pods Resources */ = {
			isa = PBXShellScriptBuildPhase;
			buildActionMask = 2147483647;
			files = (
			);
			inputPaths = (
			);
			name = "[CP] Copy Pods Resources";
			outputPaths = (
			);
			runOnlyForDeploymentPostprocessing = 0;
			shellPath = /bin/sh;
			shellScript = "\"${SRCROOT}/Pods/Target Support Files/Pods-SlackFirebaseTests/Pods-SlackFirebaseTests-resources.sh\"\n";
			showEnvVarsInLog = 0;
		};
		69FA28BE462747843496F7EA /* [CP] Check Pods Manifest.lock */ = {
			isa = PBXShellScriptBuildPhase;
			buildActionMask = 2147483647;
			files = (
			);
			inputPaths = (
				"${PODS_PODFILE_DIR_PATH}/Podfile.lock",
				"${PODS_ROOT}/Manifest.lock",
			);
			name = "[CP] Check Pods Manifest.lock";
			outputPaths = (
				"$(DERIVED_FILE_DIR)/Pods-SlackFirebaseUITests-checkManifestLockResult.txt",
			);
			runOnlyForDeploymentPostprocessing = 0;
			shellPath = /bin/sh;
			shellScript = "diff \"${PODS_PODFILE_DIR_PATH}/Podfile.lock\" \"${PODS_ROOT}/Manifest.lock\" > /dev/null\nif [ $? != 0 ] ; then\n    # print error to STDERR\n    echo \"error: The sandbox is not in sync with the Podfile.lock. Run 'pod install' or update your CocoaPods installation.\" >&2\n    exit 1\nfi\n# This output is used by Xcode 'outputs' to avoid re-running this script phase.\necho \"SUCCESS\" > \"${SCRIPT_OUTPUT_FILE_0}\"\n";
			showEnvVarsInLog = 0;
		};
		76DB5425C4934CDAC702DB29 /* [CP] Check Pods Manifest.lock */ = {
			isa = PBXShellScriptBuildPhase;
			buildActionMask = 2147483647;
			files = (
			);
			inputPaths = (
				"${PODS_PODFILE_DIR_PATH}/Podfile.lock",
				"${PODS_ROOT}/Manifest.lock",
			);
			name = "[CP] Check Pods Manifest.lock";
			outputPaths = (
				"$(DERIVED_FILE_DIR)/Pods-SlackFirebaseTests-checkManifestLockResult.txt",
			);
			runOnlyForDeploymentPostprocessing = 0;
			shellPath = /bin/sh;
			shellScript = "diff \"${PODS_PODFILE_DIR_PATH}/Podfile.lock\" \"${PODS_ROOT}/Manifest.lock\" > /dev/null\nif [ $? != 0 ] ; then\n    # print error to STDERR\n    echo \"error: The sandbox is not in sync with the Podfile.lock. Run 'pod install' or update your CocoaPods installation.\" >&2\n    exit 1\nfi\n# This output is used by Xcode 'outputs' to avoid re-running this script phase.\necho \"SUCCESS\" > \"${SCRIPT_OUTPUT_FILE_0}\"\n";
			showEnvVarsInLog = 0;
		};
		9C4002D23A1AE21074900B10 /* [CP] Check Pods Manifest.lock */ = {
			isa = PBXShellScriptBuildPhase;
			buildActionMask = 2147483647;
			files = (
			);
			inputPaths = (
				"${PODS_PODFILE_DIR_PATH}/Podfile.lock",
				"${PODS_ROOT}/Manifest.lock",
			);
			name = "[CP] Check Pods Manifest.lock";
			outputPaths = (
				"$(DERIVED_FILE_DIR)/Pods-SlackFirebase-checkManifestLockResult.txt",
			);
			runOnlyForDeploymentPostprocessing = 0;
			shellPath = /bin/sh;
			shellScript = "diff \"${PODS_PODFILE_DIR_PATH}/Podfile.lock\" \"${PODS_ROOT}/Manifest.lock\" > /dev/null\nif [ $? != 0 ] ; then\n    # print error to STDERR\n    echo \"error: The sandbox is not in sync with the Podfile.lock. Run 'pod install' or update your CocoaPods installation.\" >&2\n    exit 1\nfi\n# This output is used by Xcode 'outputs' to avoid re-running this script phase.\necho \"SUCCESS\" > \"${SCRIPT_OUTPUT_FILE_0}\"\n";
			showEnvVarsInLog = 0;
		};
		AF96DA7F7EA779BBE26C9164 /* [CP] Embed Pods Frameworks */ = {
			isa = PBXShellScriptBuildPhase;
			buildActionMask = 2147483647;
			files = (
			);
			inputPaths = (
			);
			name = "[CP] Embed Pods Frameworks";
			outputPaths = (
			);
			runOnlyForDeploymentPostprocessing = 0;
			shellPath = /bin/sh;
			shellScript = "\"${SRCROOT}/Pods/Target Support Files/Pods-SlackFirebaseTests/Pods-SlackFirebaseTests-frameworks.sh\"\n";
			showEnvVarsInLog = 0;
		};
		FE9CC6BBF34CC97371A3F4E8 /* [CP] Copy Pods Resources */ = {
			isa = PBXShellScriptBuildPhase;
			buildActionMask = 2147483647;
			files = (
			);
			inputPaths = (
			);
			name = "[CP] Copy Pods Resources";
			outputPaths = (
			);
			runOnlyForDeploymentPostprocessing = 0;
			shellPath = /bin/sh;
			shellScript = "\"${SRCROOT}/Pods/Target Support Files/Pods-SlackFirebase/Pods-SlackFirebase-resources.sh\"\n";
			showEnvVarsInLog = 0;
		};
/* End PBXShellScriptBuildPhase section */

/* Begin PBXSourcesBuildPhase section */
		10C355742037A9A6002303BF /* Sources */ = {
			isa = PBXSourcesBuildPhase;
			buildActionMask = 2147483647;
			files = (
				10C355AD2037CDB7002303BF /* LoginViewController.swift in Sources */,
				10C355B82038DD18002303BF /* Channel.swift in Sources */,
				10C355BD203904C6002303BF /* FirebaseKeys.swift in Sources */,
				10C3557E2037A9A6002303BF /* TeamsViewController.swift in Sources */,
				10C355AF20388AB5002303BF /* AddNewTeamViewController.swift in Sources */,
				10C355BB20390415002303BF /* FirebaseHelper.swift in Sources */,
				10C355B22038B5E3002303BF /* Team.swift in Sources */,
				10C3557C2037A9A6002303BF /* AppDelegate.swift in Sources */,
				10C355B62038CD51002303BF /* Member.swift in Sources */,
				10C355B42038C973002303BF /* CreateUserViewController.swift in Sources */,
				10C355BF20391B4F002303BF /* Defaults.swift in Sources */,
			);
			runOnlyForDeploymentPostprocessing = 0;
		};
		10C355882037A9A7002303BF /* Sources */ = {
			isa = PBXSourcesBuildPhase;
			buildActionMask = 2147483647;
			files = (
				10C355912037A9A7002303BF /* SlackFirebaseTests.swift in Sources */,
			);
			runOnlyForDeploymentPostprocessing = 0;
		};
		10C355932037A9A7002303BF /* Sources */ = {
			isa = PBXSourcesBuildPhase;
			buildActionMask = 2147483647;
			files = (
				10C3559C2037A9A7002303BF /* SlackFirebaseUITests.swift in Sources */,
			);
			runOnlyForDeploymentPostprocessing = 0;
		};
/* End PBXSourcesBuildPhase section */

/* Begin PBXTargetDependency section */
		10C3558E2037A9A7002303BF /* PBXTargetDependency */ = {
			isa = PBXTargetDependency;
			target = 10C355772037A9A6002303BF /* SlackFirebase */;
			targetProxy = 10C3558D2037A9A7002303BF /* PBXContainerItemProxy */;
		};
		10C355992037A9A7002303BF /* PBXTargetDependency */ = {
			isa = PBXTargetDependency;
			target = 10C355772037A9A6002303BF /* SlackFirebase */;
			targetProxy = 10C355982037A9A7002303BF /* PBXContainerItemProxy */;
		};
/* End PBXTargetDependency section */

/* Begin PBXVariantGroup section */
		10C3557F2037A9A6002303BF /* Main.storyboard */ = {
			isa = PBXVariantGroup;
			children = (
				10C355802037A9A6002303BF /* Base */,
			);
			name = Main.storyboard;
			sourceTree = "<group>";
		};
		10C355842037A9A6002303BF /* LaunchScreen.storyboard */ = {
			isa = PBXVariantGroup;
			children = (
				10C355852037A9A6002303BF /* Base */,
			);
			name = LaunchScreen.storyboard;
			sourceTree = "<group>";
		};
/* End PBXVariantGroup section */

/* Begin XCBuildConfiguration section */
		10C3559E2037A9A7002303BF /* Debug */ = {
			isa = XCBuildConfiguration;
			buildSettings = {
				ALWAYS_SEARCH_USER_PATHS = NO;
				CLANG_ANALYZER_NONNULL = YES;
				CLANG_ANALYZER_NUMBER_OBJECT_CONVERSION = YES_AGGRESSIVE;
				CLANG_CXX_LANGUAGE_STANDARD = "gnu++14";
				CLANG_CXX_LIBRARY = "libc++";
				CLANG_ENABLE_MODULES = YES;
				CLANG_ENABLE_OBJC_ARC = YES;
				CLANG_WARN_BLOCK_CAPTURE_AUTORELEASING = YES;
				CLANG_WARN_BOOL_CONVERSION = YES;
				CLANG_WARN_COMMA = YES;
				CLANG_WARN_CONSTANT_CONVERSION = YES;
				CLANG_WARN_DIRECT_OBJC_ISA_USAGE = YES_ERROR;
				CLANG_WARN_DOCUMENTATION_COMMENTS = YES;
				CLANG_WARN_EMPTY_BODY = YES;
				CLANG_WARN_ENUM_CONVERSION = YES;
				CLANG_WARN_INFINITE_RECURSION = YES;
				CLANG_WARN_INT_CONVERSION = YES;
				CLANG_WARN_NON_LITERAL_NULL_CONVERSION = YES;
				CLANG_WARN_OBJC_LITERAL_CONVERSION = YES;
				CLANG_WARN_OBJC_ROOT_CLASS = YES_ERROR;
				CLANG_WARN_RANGE_LOOP_ANALYSIS = YES;
				CLANG_WARN_STRICT_PROTOTYPES = YES;
				CLANG_WARN_SUSPICIOUS_MOVE = YES;
				CLANG_WARN_UNGUARDED_AVAILABILITY = YES_AGGRESSIVE;
				CLANG_WARN_UNREACHABLE_CODE = YES;
				CLANG_WARN__DUPLICATE_METHOD_MATCH = YES;
				CODE_SIGN_IDENTITY = "iPhone Developer";
				COPY_PHASE_STRIP = NO;
				DEBUG_INFORMATION_FORMAT = dwarf;
				ENABLE_STRICT_OBJC_MSGSEND = YES;
				ENABLE_TESTABILITY = YES;
				GCC_C_LANGUAGE_STANDARD = gnu11;
				GCC_DYNAMIC_NO_PIC = NO;
				GCC_NO_COMMON_BLOCKS = YES;
				GCC_OPTIMIZATION_LEVEL = 0;
				GCC_PREPROCESSOR_DEFINITIONS = (
					"DEBUG=1",
					"$(inherited)",
				);
				GCC_WARN_64_TO_32_BIT_CONVERSION = YES;
				GCC_WARN_ABOUT_RETURN_TYPE = YES_ERROR;
				GCC_WARN_UNDECLARED_SELECTOR = YES;
				GCC_WARN_UNINITIALIZED_AUTOS = YES_AGGRESSIVE;
				GCC_WARN_UNUSED_FUNCTION = YES;
				GCC_WARN_UNUSED_VARIABLE = YES;
				IPHONEOS_DEPLOYMENT_TARGET = 11.2;
				MTL_ENABLE_DEBUG_INFO = YES;
				ONLY_ACTIVE_ARCH = YES;
				SDKROOT = iphoneos;
				SWIFT_ACTIVE_COMPILATION_CONDITIONS = DEBUG;
				SWIFT_OPTIMIZATION_LEVEL = "-Onone";
			};
			name = Debug;
		};
		10C3559F2037A9A7002303BF /* Release */ = {
			isa = XCBuildConfiguration;
			buildSettings = {
				ALWAYS_SEARCH_USER_PATHS = NO;
				CLANG_ANALYZER_NONNULL = YES;
				CLANG_ANALYZER_NUMBER_OBJECT_CONVERSION = YES_AGGRESSIVE;
				CLANG_CXX_LANGUAGE_STANDARD = "gnu++14";
				CLANG_CXX_LIBRARY = "libc++";
				CLANG_ENABLE_MODULES = YES;
				CLANG_ENABLE_OBJC_ARC = YES;
				CLANG_WARN_BLOCK_CAPTURE_AUTORELEASING = YES;
				CLANG_WARN_BOOL_CONVERSION = YES;
				CLANG_WARN_COMMA = YES;
				CLANG_WARN_CONSTANT_CONVERSION = YES;
				CLANG_WARN_DIRECT_OBJC_ISA_USAGE = YES_ERROR;
				CLANG_WARN_DOCUMENTATION_COMMENTS = YES;
				CLANG_WARN_EMPTY_BODY = YES;
				CLANG_WARN_ENUM_CONVERSION = YES;
				CLANG_WARN_INFINITE_RECURSION = YES;
				CLANG_WARN_INT_CONVERSION = YES;
				CLANG_WARN_NON_LITERAL_NULL_CONVERSION = YES;
				CLANG_WARN_OBJC_LITERAL_CONVERSION = YES;
				CLANG_WARN_OBJC_ROOT_CLASS = YES_ERROR;
				CLANG_WARN_RANGE_LOOP_ANALYSIS = YES;
				CLANG_WARN_STRICT_PROTOTYPES = YES;
				CLANG_WARN_SUSPICIOUS_MOVE = YES;
				CLANG_WARN_UNGUARDED_AVAILABILITY = YES_AGGRESSIVE;
				CLANG_WARN_UNREACHABLE_CODE = YES;
				CLANG_WARN__DUPLICATE_METHOD_MATCH = YES;
				CODE_SIGN_IDENTITY = "iPhone Developer";
				COPY_PHASE_STRIP = NO;
				DEBUG_INFORMATION_FORMAT = "dwarf-with-dsym";
				ENABLE_NS_ASSERTIONS = NO;
				ENABLE_STRICT_OBJC_MSGSEND = YES;
				GCC_C_LANGUAGE_STANDARD = gnu11;
				GCC_NO_COMMON_BLOCKS = YES;
				GCC_WARN_64_TO_32_BIT_CONVERSION = YES;
				GCC_WARN_ABOUT_RETURN_TYPE = YES_ERROR;
				GCC_WARN_UNDECLARED_SELECTOR = YES;
				GCC_WARN_UNINITIALIZED_AUTOS = YES_AGGRESSIVE;
				GCC_WARN_UNUSED_FUNCTION = YES;
				GCC_WARN_UNUSED_VARIABLE = YES;
				IPHONEOS_DEPLOYMENT_TARGET = 11.2;
				MTL_ENABLE_DEBUG_INFO = NO;
				SDKROOT = iphoneos;
				SWIFT_OPTIMIZATION_LEVEL = "-Owholemodule";
				VALIDATE_PRODUCT = YES;
			};
			name = Release;
		};
		10C355A12037A9A7002303BF /* Debug */ = {
			isa = XCBuildConfiguration;
			baseConfigurationReference = D660C7EDD957C94FEBBCDFF5 /* Pods-SlackFirebase.debug.xcconfig */;
			buildSettings = {
				ASSETCATALOG_COMPILER_APPICON_NAME = AppIcon;
				CODE_SIGN_STYLE = Automatic;
				DEVELOPMENT_TEAM = TEGLEE3UYA;
				INFOPLIST_FILE = SlackFirebase/Info.plist;
				LD_RUNPATH_SEARCH_PATHS = "$(inherited) @executable_path/Frameworks";
				PRODUCT_BUNDLE_IDENTIFIER = satish.SlackFirebase;
				PRODUCT_NAME = "$(TARGET_NAME)";
				SWIFT_VERSION = 4.0;
				TARGETED_DEVICE_FAMILY = "1,2";
			};
			name = Debug;
		};
		10C355A22037A9A7002303BF /* Release */ = {
			isa = XCBuildConfiguration;
			baseConfigurationReference = D521ED342A60B8CFC905B5E1 /* Pods-SlackFirebase.release.xcconfig */;
			buildSettings = {
				ASSETCATALOG_COMPILER_APPICON_NAME = AppIcon;
				CODE_SIGN_STYLE = Automatic;
				DEVELOPMENT_TEAM = TEGLEE3UYA;
				INFOPLIST_FILE = SlackFirebase/Info.plist;
				LD_RUNPATH_SEARCH_PATHS = "$(inherited) @executable_path/Frameworks";
				PRODUCT_BUNDLE_IDENTIFIER = satish.SlackFirebase;
				PRODUCT_NAME = "$(TARGET_NAME)";
				SWIFT_VERSION = 4.0;
				TARGETED_DEVICE_FAMILY = "1,2";
			};
			name = Release;
		};
		10C355A42037A9A7002303BF /* Debug */ = {
			isa = XCBuildConfiguration;
			baseConfigurationReference = 15B61586FB3CF83533C60AD1 /* Pods-SlackFirebaseTests.debug.xcconfig */;
			buildSettings = {
				ALWAYS_EMBED_SWIFT_STANDARD_LIBRARIES = YES;
				BUNDLE_LOADER = "$(TEST_HOST)";
				CODE_SIGN_STYLE = Automatic;
				DEVELOPMENT_TEAM = TEGLEE3UYA;
				INFOPLIST_FILE = SlackFirebaseTests/Info.plist;
				LD_RUNPATH_SEARCH_PATHS = "$(inherited) @executable_path/Frameworks @loader_path/Frameworks";
				PRODUCT_BUNDLE_IDENTIFIER = satish.SlackFirebaseTests;
				PRODUCT_NAME = "$(TARGET_NAME)";
				SWIFT_VERSION = 4.0;
				TARGETED_DEVICE_FAMILY = "1,2";
				TEST_HOST = "$(BUILT_PRODUCTS_DIR)/SlackFirebase.app/SlackFirebase";
			};
			name = Debug;
		};
		10C355A52037A9A7002303BF /* Release */ = {
			isa = XCBuildConfiguration;
			baseConfigurationReference = 03142154E18B9E2401E17D07 /* Pods-SlackFirebaseTests.release.xcconfig */;
			buildSettings = {
				ALWAYS_EMBED_SWIFT_STANDARD_LIBRARIES = YES;
				BUNDLE_LOADER = "$(TEST_HOST)";
				CODE_SIGN_STYLE = Automatic;
				DEVELOPMENT_TEAM = TEGLEE3UYA;
				INFOPLIST_FILE = SlackFirebaseTests/Info.plist;
				LD_RUNPATH_SEARCH_PATHS = "$(inherited) @executable_path/Frameworks @loader_path/Frameworks";
				PRODUCT_BUNDLE_IDENTIFIER = satish.SlackFirebaseTests;
				PRODUCT_NAME = "$(TARGET_NAME)";
				SWIFT_VERSION = 4.0;
				TARGETED_DEVICE_FAMILY = "1,2";
				TEST_HOST = "$(BUILT_PRODUCTS_DIR)/SlackFirebase.app/SlackFirebase";
			};
			name = Release;
		};
		10C355A72037A9A7002303BF /* Debug */ = {
			isa = XCBuildConfiguration;
			baseConfigurationReference = 35137C185684E7933262DA84 /* Pods-SlackFirebaseUITests.debug.xcconfig */;
			buildSettings = {
				ALWAYS_EMBED_SWIFT_STANDARD_LIBRARIES = YES;
				CODE_SIGN_STYLE = Automatic;
				DEVELOPMENT_TEAM = TEGLEE3UYA;
				INFOPLIST_FILE = SlackFirebaseUITests/Info.plist;
				LD_RUNPATH_SEARCH_PATHS = "$(inherited) @executable_path/Frameworks @loader_path/Frameworks";
				PRODUCT_BUNDLE_IDENTIFIER = satish.SlackFirebaseUITests;
				PRODUCT_NAME = "$(TARGET_NAME)";
				SWIFT_VERSION = 4.0;
				TARGETED_DEVICE_FAMILY = "1,2";
				TEST_TARGET_NAME = SlackFirebase;
			};
			name = Debug;
		};
		10C355A82037A9A7002303BF /* Release */ = {
			isa = XCBuildConfiguration;
			baseConfigurationReference = 5A218DD731BA8DCD426DC236 /* Pods-SlackFirebaseUITests.release.xcconfig */;
			buildSettings = {
				ALWAYS_EMBED_SWIFT_STANDARD_LIBRARIES = YES;
				CODE_SIGN_STYLE = Automatic;
				DEVELOPMENT_TEAM = TEGLEE3UYA;
				INFOPLIST_FILE = SlackFirebaseUITests/Info.plist;
				LD_RUNPATH_SEARCH_PATHS = "$(inherited) @executable_path/Frameworks @loader_path/Frameworks";
				PRODUCT_BUNDLE_IDENTIFIER = satish.SlackFirebaseUITests;
				PRODUCT_NAME = "$(TARGET_NAME)";
				SWIFT_VERSION = 4.0;
				TARGETED_DEVICE_FAMILY = "1,2";
				TEST_TARGET_NAME = SlackFirebase;
			};
			name = Release;
		};
/* End XCBuildConfiguration section */

/* Begin XCConfigurationList section */
		10C355732037A9A6002303BF /* Build configuration list for PBXProject "SlackFirebase" */ = {
			isa = XCConfigurationList;
			buildConfigurations = (
				10C3559E2037A9A7002303BF /* Debug */,
				10C3559F2037A9A7002303BF /* Release */,
			);
			defaultConfigurationIsVisible = 0;
			defaultConfigurationName = Release;
		};
		10C355A02037A9A7002303BF /* Build configuration list for PBXNativeTarget "SlackFirebase" */ = {
			isa = XCConfigurationList;
			buildConfigurations = (
				10C355A12037A9A7002303BF /* Debug */,
				10C355A22037A9A7002303BF /* Release */,
			);
			defaultConfigurationIsVisible = 0;
			defaultConfigurationName = Release;
		};
		10C355A32037A9A7002303BF /* Build configuration list for PBXNativeTarget "SlackFirebaseTests" */ = {
			isa = XCConfigurationList;
			buildConfigurations = (
				10C355A42037A9A7002303BF /* Debug */,
				10C355A52037A9A7002303BF /* Release */,
			);
			defaultConfigurationIsVisible = 0;
			defaultConfigurationName = Release;
		};
		10C355A62037A9A7002303BF /* Build configuration list for PBXNativeTarget "SlackFirebaseUITests" */ = {
			isa = XCConfigurationList;
			buildConfigurations = (
				10C355A72037A9A7002303BF /* Debug */,
				10C355A82037A9A7002303BF /* Release */,
			);
			defaultConfigurationIsVisible = 0;
			defaultConfigurationName = Release;
		};
/* End XCConfigurationList section */
	};
	rootObject = 10C355702037A9A6002303BF /* Project object */;
}
